
Microsoft Visual Studio Solution File, Format Version 12.00
# Visual Studio Version 16
VisualStudioVersion = 16.0.31729.503
MinimumVisualStudioVersion = 10.0.40219.1
Project("{FAE04EC0-301F-11D3-BF4B-00C04F79EFBC}") = "MyFirstApp", "MyFirstApp\MyFirstApp.csproj", "{FEE26A1D-F4B2-4B67-BBE1-207B80398556}"
EndProject
Global
	GlobalSection(SolutionConfigurationPlatforms) = preSolution
		Debug|Any CPU = Debug|Any CPU
		Release|Any CPU = Release|Any CPU
	EndGlobalSection
	GlobalSection(ProjectConfigurationPlatforms) = postSolution
		{FEE26A1D-F4B2-4B67-BBE1-207B80398556}.Debug|Any CPU.ActiveCfg = Debug|Any CPU
		{FEE26A1D-F4B2-4B67-BBE1-207B80398556}.Debug|Any CPU.Build.0 = Debug|Any CPU
		{FEE26A1D-F4B2-4B67-BBE1-207B80398556}.Release|Any CPU.ActiveCfg = Release|Any CPU
		{FEE26A1D-F4B2-4B67-BBE1-207B80398556}.Release|Any CPU.Build.0 = Release|Any CPU
	EndGlobalSection
	GlobalSection(SolutionProperties) = preSolution
		HideSolutionNode = FALSE
	EndGlobalSection
	GlobalSection(ExtensibilityGlobals) = postSolution
		SolutionGuid = {7CED401A-0B92-4A7E-A099-160F2840E61C}
	EndGlobalSection
EndGlobal
